
Microsoft Visual Studio Solution File, Format Version 12.00
# Visual Studio Version 16
VisualStudioVersion = 16.0.30804.86
MinimumVisualStudioVersion = 10.0.40219.1
Project("{FAE04EC0-301F-11D3-BF4B-00C04F79EFBC}") = "MatchGame", "MatchGame\MatchGame.csproj", "{D66AFF12-DC1F-4AD5-9EB6-BF1C8C5DF9D6}"
EndProject
Global
	GlobalSection(SolutionConfigurationPlatforms) = preSolution
		Debug|Any CPU = Debug|Any CPU
		Release|Any CPU = Release|Any CPU
	EndGlobalSection
	GlobalSection(ProjectConfigurationPlatforms) = postSolution
		{D66AFF12-DC1F-4AD5-9EB6-BF1C8C5DF9D6}.Debug|Any CPU.ActiveCfg = Debug|Any CPU
		{D66AFF12-DC1F-4AD5-9EB6-BF1C8C5DF9D6}.Debug|Any CPU.Build.0 = Debug|Any CPU
		{D66AFF12-DC1F-4AD5-9EB6-BF1C8C5DF9D6}.Release|Any CPU.ActiveCfg = Release|Any CPU
		{D66AFF12-DC1F-4AD5-9EB6-BF1C8C5DF9D6}.Release|Any CPU.Build.0 = Release|Any CPU
	EndGlobalSection
	GlobalSection(SolutionProperties) = preSolution
		HideSolutionNode = FALSE
	EndGlobalSection
	GlobalSection(ExtensibilityGlobals) = postSolution
		SolutionGuid = {E39599E7-ACFE-45D9-B870-0D071AE2C003}
	EndGlobalSection
EndGlobal
